# This file is automatically @generated by Cargo.
# It is not intended for manual editing.
version = 3

[[package]]
name = "aho-corasick"
version = "1.1.2"
source = "registry+https://github.com/rust-lang/crates.io-index"
checksum = "b2969dcb958b36655471fc61f7e416fa76033bdd4bfed0678d8fee1e2d07a1f0"
dependencies = [
 "memchr",
]

[[package]]
name = "clash-wsl2-mtu-fix"
version = "0.1.0"
dependencies = [
 "pnet",
 "regex",
]

[[package]]
name = "glob"
version = "0.3.1"
source = "registry+https://github.com/rust-lang/crates.io-index"
checksum = "d2fabcfbdc87f4758337ca535fb41a6d701b65693ce38287d856d1674551ec9b"

[[package]]
name = "ipnetwork"
version = "0.18.0"
source = "registry+https://github.com/rust-lang/crates.io-index"
checksum = "4088d739b183546b239688ddbc79891831df421773df95e236daf7867866d355"
dependencies = [
 "serde",
]

[[package]]
name = "libc"
version = "0.2.149"
source = "registry+https://github.com/rust-lang/crates.io-index"
checksum = "a08173bc88b7955d1b3145aa561539096c421ac8debde8cbc3612ec635fee29b"

[[package]]
name = "memchr"
version = "2.6.4"
source = "registry+https://github.com/rust-lang/crates.io-index"
checksum = "f665ee40bc4a3c5590afb1e9677db74a508659dfd71e126420da8274909a0167"

[[package]]
name = "pnet"
version = "0.28.0"
source = "registry+https://github.com/rust-lang/crates.io-index"
checksum = "4b6d2a0409666964722368ef5fb74b9f93fac11c18bef3308693c16c6733f103"
dependencies = [
 "ipnetwork",
 "pnet_base",
 "pnet_datalink",
 "pnet_packet",
 "pnet_sys",
 "pnet_transport",
]

[[package]]
name = "pnet_base"
version = "0.28.0"
source = "registry+https://github.com/rust-lang/crates.io-index"
checksum = "25488cd551a753dcaaa6fffc9f69a7610a412dd8954425bf7ffad5f7d1156fb8"

[[package]]
name = "pnet_datalink"
version = "0.28.0"
source = "registry+https://github.com/rust-lang/crates.io-index"
checksum = "d4d1f8ab1ef6c914cf51dc5dfe0be64088ea5f3b08bbf5a31abc70356d271198"
dependencies = [
 "ipnetwork",
 "libc",
 "pnet_base",
 "pnet_sys",
 "winapi",
]

[[package]]
name = "pnet_macros"
version = "0.28.0"
source = "registry+https://github.com/rust-lang/crates.io-index"
checksum = "30490e0852e58402b8fae0d39897b08a24f493023a4d6cf56b2e30f31ed57548"
dependencies = [
 "proc-macro2",
 "quote",
 "regex",
 "syn 1.0.109",
]

[[package]]
name = "pnet_macros_support"
version = "0.28.0"
source = "registry+https://github.com/rust-lang/crates.io-index"
checksum = "d4714e10f30cab023005adce048f2d30dd4ac4f093662abf2220855655ef8f90"
dependencies = [
 "pnet_base",
]

[[package]]
name = "pnet_packet"
version = "0.28.0"
source = "registry+https://github.com/rust-lang/crates.io-index"
checksum = "8588067671d03c9f4254b2e66fecb4d8b93b5d3e703195b84f311cd137e32130"
dependencies = [
 "glob",
 "pnet_base",
 "pnet_macros",
 "pnet_macros_support",
]

[[package]]
name = "pnet_sys"
version = "0.28.0"
source = "registry+https://github.com/rust-lang/crates.io-index"
checksum = "d9a3f32b0df45515befd19eed04616f6b56a488da92afc61164ef455e955f07f"
dependencies = [
 "libc",
 "winapi",
]

[[package]]
name = "pnet_transport"
version = "0.28.0"
source = "registry+https://github.com/rust-lang/crates.io-index"
checksum = "932b2916d693bcc5fa18443dc99142e0a6fd31a6ce75a511868f7174c17e2bce"
dependencies = [
 "libc",
 "pnet_base",
 "pnet_packet",
 "pnet_sys",
]

[[package]]
name = "proc-macro2"
version = "1.0.69"
source = "registry+https://github.com/rust-lang/crates.io-index"
checksum = "134c189feb4956b20f6f547d2cf727d4c0fe06722b20a0eec87ed445a97f92da"
dependencies = [
 "unicode-ident",
]

[[package]]
name = "quote"
version = "1.0.33"
source = "registry+https://github.com/rust-lang/crates.io-index"
checksum = "5267fca4496028628a95160fc423a33e8b2e6af8a5302579e322e4b520293cae"
dependencies = [
 "proc-macro2",
]

[[package]]
name = "regex"
version = "1.10.2"
source = "registry+https://github.com/rust-lang/crates.io-index"
checksum = "380b951a9c5e80ddfd6136919eef32310721aa4aacd4889a8d39124b026ab343"
dependencies = [
 "aho-corasick",
 "memchr",
 "regex-automata",
 "regex-syntax",
]

[[package]]
name = "regex-automata"
version = "0.4.3"
source = "registry+https://github.com/rust-lang/crates.io-index"
checksum = "5f804c7828047e88b2d32e2d7fe5a105da8ee3264f01902f796c8e067dc2483f"
dependencies = [
 "aho-corasick",
 "memchr",
 "regex-syntax",
]

[[package]]
name = "regex-syntax"
version = "0.8.2"
source = "registry+https://github.com/rust-lang/crates.io-index"
checksum = "c08c74e62047bb2de4ff487b251e4a92e24f48745648451635cec7d591162d9f"

[[package]]
name = "serde"
version = "1.0.189"
source = "registry+https://github.com/rust-lang/crates.io-index"
checksum = "8e422a44e74ad4001bdc8eede9a4570ab52f71190e9c076d14369f38b9200537"
dependencies = [
 "serde_derive",
]

[[package]]
name = "serde_derive"
version = "1.0.189"
source = "registry+https://github.com/rust-lang/crates.io-index"
checksum = "1e48d1f918009ce3145511378cf68d613e3b3d9137d67272562080d68a2b32d5"
dependencies = [
 "proc-macro2",
 "quote",
 "syn 2.0.38",
]

[[package]]
name = "syn"
version = "1.0.109"
source = "registry+https://github.com/rust-lang/crates.io-index"
checksum = "72b64191b275b66ffe2469e8af2c1cfe3bafa67b529ead792a6d0160888b4237"
dependencies = [
 "proc-macro2",
 "quote",
 "unicode-ident",
]

[[package]]
name = "syn"
version = "2.0.38"
source = "registry+https://github.com/rust-lang/crates.io-index"
checksum = "e96b79aaa137db8f61e26363a0c9b47d8b4ec75da28b7d1d614c2303e232408b"
dependencies = [
 "proc-macro2",
 "quote",
 "unicode-ident",
]

[[package]]
name = "unicode-ident"
version = "1.0.12"
source = "registry+https://github.com/rust-lang/crates.io-index"
checksum = "3354b9ac3fae1ff6755cb6db53683adb661634f67557942dea4facebec0fee4b"

[[package]]
name = "winapi"
version = "0.3.9"
source = "registry+https://github.com/rust-lang/crates.io-index"
checksum = "5c839a674fcd7a98952e593242ea400abe93992746761e38641405d28b00f419"
dependencies = [
 "winapi-i686-pc-windows-gnu",
 "winapi-x86_64-pc-windows-gnu",
]

[[package]]
name = "winapi-i686-pc-windows-gnu"
version = "0.4.0"
source = "registry+https://github.com/rust-lang/crates.io-index"
checksum = "ac3b87c63620426dd9b991e5ce0329eff545bccbbb34f3be09ff6fb6ab51b7b6"

[[package]]
name = "winapi-x86_64-pc-windows-gnu"
version = "0.4.0"
source = "registry+https://github.com/rust-lang/crates.io-index"
checksum = "712e227841d057c1ee1cd2fb22fa7e5a5461ae8e48fa2ca79ec42cfc1931183f"
